
Microsoft Visual Studio Solution File, Format Version 12.00
# Visual Studio 15
VisualStudioVersion = 15.0.27130.2036
MinimumVisualStudioVersion = 10.0.40219.1
Project("{FAE04EC0-301F-11D3-BF4B-00C04F79EFBC}") = "IadZad3.Model", "IadZad3.Model\IadZad3.Model.csproj", "{397E06C5-AE21-47C0-A899-58AC1EAA4DB0}"
EndProject
Project("{FAE04EC0-301F-11D3-BF4B-00C04F79EFBC}") = "IadZad3.Tests", "IadZad3.Tests\IadZad3.Tests.csproj", "{151BD3DB-FA03-4BDC-B0E5-01FDC80546B9}"
EndProject
Global
	GlobalSection(SolutionConfigurationPlatforms) = preSolution
		Debug|Any CPU = Debug|Any CPU
		Release|Any CPU = Release|Any CPU
	EndGlobalSection
	GlobalSection(ProjectConfigurationPlatforms) = postSolution
		{397E06C5-AE21-47C0-A899-58AC1EAA4DB0}.Debug|Any CPU.ActiveCfg = Debug|Any CPU
		{397E06C5-AE21-47C0-A899-58AC1EAA4DB0}.Debug|Any CPU.Build.0 = Debug|Any CPU
		{397E06C5-AE21-47C0-A899-58AC1EAA4DB0}.Release|Any CPU.ActiveCfg = Release|Any CPU
		{397E06C5-AE21-47C0-A899-58AC1EAA4DB0}.Release|Any CPU.Build.0 = Release|Any CPU
		{151BD3DB-FA03-4BDC-B0E5-01FDC80546B9}.Debug|Any CPU.ActiveCfg = Debug|Any CPU
		{151BD3DB-FA03-4BDC-B0E5-01FDC80546B9}.Debug|Any CPU.Build.0 = Debug|Any CPU
		{151BD3DB-FA03-4BDC-B0E5-01FDC80546B9}.Release|Any CPU.ActiveCfg = Release|Any CPU
		{151BD3DB-FA03-4BDC-B0E5-01FDC80546B9}.Release|Any CPU.Build.0 = Release|Any CPU
	EndGlobalSection
	GlobalSection(SolutionProperties) = preSolution
		HideSolutionNode = FALSE
	EndGlobalSection
	GlobalSection(ExtensibilityGlobals) = postSolution
		SolutionGuid = {893ADFD4-4DCC-4493-885A-BDFA262C4CD6}
	EndGlobalSection
EndGlobal
